
Microsoft Visual Studio Solution File, Format Version 12.00
# Visual Studio Version 17
VisualStudioVersion = 17.3.32929.385
MinimumVisualStudioVersion = 10.0.40219.1
Project("{FAE04EC0-301F-11D3-BF4B-00C04F79EFBC}") = "xamarin_main_ludogenos.Android", "xamarin_main_ludogenos\xamarin_main_ludogenos.Android\xamarin_main_ludogenos.Android.csproj", "{99558DA3-6E5A-4805-A0A8-5ABF5A3FAAD0}"
EndProject
Project("{FAE04EC0-301F-11D3-BF4B-00C04F79EFBC}") = "xamarin_main_ludogenos.iOS", "xamarin_main_ludogenos\xamarin_main_ludogenos.iOS\xamarin_main_ludogenos.iOS.csproj", "{7FFA4D67-3222-43D0-B448-6DF5F2D71FD1}"
EndProject
Project("{FAE04EC0-301F-11D3-BF4B-00C04F79EFBC}") = "xamarin_main_ludogenos", "xamarin_main_ludogenos\xamarin_main_ludogenos\xamarin_main_ludogenos.csproj", "{18E006DF-EA94-4322-AD3B-452D59F31688}"
EndProject
Global
	GlobalSection(SolutionConfigurationPlatforms) = preSolution
		Debug|Any CPU = Debug|Any CPU
		Debug|iPhone = Debug|iPhone
		Debug|iPhoneSimulator = Debug|iPhoneSimulator
		Release|Any CPU = Release|Any CPU
		Release|iPhone = Release|iPhone
		Release|iPhoneSimulator = Release|iPhoneSimulator
	EndGlobalSection
	GlobalSection(ProjectConfigurationPlatforms) = postSolution
		{99558DA3-6E5A-4805-A0A8-5ABF5A3FAAD0}.Debug|Any CPU.ActiveCfg = Debug|Any CPU
		{99558DA3-6E5A-4805-A0A8-5ABF5A3FAAD0}.Debug|Any CPU.Build.0 = Debug|Any CPU
		{99558DA3-6E5A-4805-A0A8-5ABF5A3FAAD0}.Debug|Any CPU.Deploy.0 = Debug|Any CPU
		{99558DA3-6E5A-4805-A0A8-5ABF5A3FAAD0}.Debug|iPhone.ActiveCfg = Debug|Any CPU
		{99558DA3-6E5A-4805-A0A8-5ABF5A3FAAD0}.Debug|iPhone.Build.0 = Debug|Any CPU
		{99558DA3-6E5A-4805-A0A8-5ABF5A3FAAD0}.Debug|iPhone.Deploy.0 = Debug|Any CPU
		{99558DA3-6E5A-4805-A0A8-5ABF5A3FAAD0}.Debug|iPhoneSimulator.ActiveCfg = Debug|Any CPU
		{99558DA3-6E5A-4805-A0A8-5ABF5A3FAAD0}.Debug|iPhoneSimulator.Build.0 = Debug|Any CPU
		{99558DA3-6E5A-4805-A0A8-5ABF5A3FAAD0}.Debug|iPhoneSimulator.Deploy.0 = Debug|Any CPU
		{99558DA3-6E5A-4805-A0A8-5ABF5A3FAAD0}.Release|Any CPU.ActiveCfg = Release|Any CPU
		{99558DA3-6E5A-4805-A0A8-5ABF5A3FAAD0}.Release|Any CPU.Build.0 = Release|Any CPU
		{99558DA3-6E5A-4805-A0A8-5ABF5A3FAAD0}.Release|Any CPU.Deploy.0 = Release|Any CPU
		{99558DA3-6E5A-4805-A0A8-5ABF5A3FAAD0}.Release|iPhone.ActiveCfg = Release|Any CPU
		{99558DA3-6E5A-4805-A0A8-5ABF5A3FAAD0}.Release|iPhone.Build.0 = Release|Any CPU
		{99558DA3-6E5A-4805-A0A8-5ABF5A3FAAD0}.Release|iPhone.Deploy.0 = Release|Any CPU
		{99558DA3-6E5A-4805-A0A8-5ABF5A3FAAD0}.Release|iPhoneSimulator.ActiveCfg = Release|Any CPU
		{99558DA3-6E5A-4805-A0A8-5ABF5A3FAAD0}.Release|iPhoneSimulator.Build.0 = Release|Any CPU
		{99558DA3-6E5A-4805-A0A8-5ABF5A3FAAD0}.Release|iPhoneSimulator.Deploy.0 = Release|Any CPU
		{7FFA4D67-3222-43D0-B448-6DF5F2D71FD1}.Debug|Any CPU.ActiveCfg = Debug|iPhone
		{7FFA4D67-3222-43D0-B448-6DF5F2D71FD1}.Debug|Any CPU.Build.0 = Debug|iPhone
		{7FFA4D67-3222-43D0-B448-6DF5F2D71FD1}.Debug|Any CPU.Deploy.0 = Debug|iPhone
		{7FFA4D67-3222-43D0-B448-6DF5F2D71FD1}.Debug|iPhone.ActiveCfg = Debug|iPhone
		{7FFA4D67-3222-43D0-B448-6DF5F2D71FD1}.Debug|iPhone.Build.0 = Debug|iPhone
		{7FFA4D67-3222-43D0-B448-6DF5F2D71FD1}.Debug|iPhone.Deploy.0 = Debug|iPhone
		{7FFA4D67-3222-43D0-B448-6DF5F2D71FD1}.Debug|iPhoneSimulator.ActiveCfg = Debug|iPhoneSimulator
		{7FFA4D67-3222-43D0-B448-6DF5F2D71FD1}.Debug|iPhoneSimulator.Build.0 = Debug|iPhoneSimulator
		{7FFA4D67-3222-43D0-B448-6DF5F2D71FD1}.Debug|iPhoneSimulator.Deploy.0 = Debug|iPhoneSimulator
		{7FFA4D67-3222-43D0-B448-6DF5F2D71FD1}.Release|Any CPU.ActiveCfg = Release|iPhoneSimulator
		{7FFA4D67-3222-43D0-B448-6DF5F2D71FD1}.Release|Any CPU.Build.0 = Release|iPhoneSimulator
		{7FFA4D67-3222-43D0-B448-6DF5F2D71FD1}.Release|Any CPU.Deploy.0 = Release|iPhoneSimulator
		{7FFA4D67-3222-43D0-B448-6DF5F2D71FD1}.Release|iPhone.ActiveCfg = Release|iPhone
		{7FFA4D67-3222-43D0-B448-6DF5F2D71FD1}.Release|iPhone.Build.0 = Release|iPhone
		{7FFA4D67-3222-43D0-B448-6DF5F2D71FD1}.Release|iPhone.Deploy.0 = Release|iPhone
		{7FFA4D67-3222-43D0-B448-6DF5F2D71FD1}.Release|iPhoneSimulator.ActiveCfg = Release|iPhoneSimulator
		{7FFA4D67-3222-43D0-B448-6DF5F2D71FD1}.Release|iPhoneSimulator.Build.0 = Release|iPhoneSimulator
		{7FFA4D67-3222-43D0-B448-6DF5F2D71FD1}.Release|iPhoneSimulator.Deploy.0 = Release|iPhoneSimulator
		{18E006DF-EA94-4322-AD3B-452D59F31688}.Debug|Any CPU.ActiveCfg = Debug|Any CPU
		{18E006DF-EA94-4322-AD3B-452D59F31688}.Debug|Any CPU.Build.0 = Debug|Any CPU
		{18E006DF-EA94-4322-AD3B-452D59F31688}.Debug|Any CPU.Deploy.0 = Debug|Any CPU
		{18E006DF-EA94-4322-AD3B-452D59F31688}.Debug|iPhone.ActiveCfg = Debug|Any CPU
		{18E006DF-EA94-4322-AD3B-452D59F31688}.Debug|iPhone.Build.0 = Debug|Any CPU
		{18E006DF-EA94-4322-AD3B-452D59F31688}.Debug|iPhone.Deploy.0 = Debug|Any CPU
		{18E006DF-EA94-4322-AD3B-452D59F31688}.Debug|iPhoneSimulator.ActiveCfg = Debug|Any CPU
		{18E006DF-EA94-4322-AD3B-452D59F31688}.Debug|iPhoneSimulator.Build.0 = Debug|Any CPU
		{18E006DF-EA94-4322-AD3B-452D59F31688}.Debug|iPhoneSimulator.Deploy.0 = Debug|Any CPU
		{18E006DF-EA94-4322-AD3B-452D59F31688}.Release|Any CPU.ActiveCfg = Release|Any CPU
		{18E006DF-EA94-4322-AD3B-452D59F31688}.Release|Any CPU.Build.0 = Release|Any CPU
		{18E006DF-EA94-4322-AD3B-452D59F31688}.Release|Any CPU.Deploy.0 = Release|Any CPU
		{18E006DF-EA94-4322-AD3B-452D59F31688}.Release|iPhone.ActiveCfg = Release|Any CPU
		{18E006DF-EA94-4322-AD3B-452D59F31688}.Release|iPhone.Build.0 = Release|Any CPU
		{18E006DF-EA94-4322-AD3B-452D59F31688}.Release|iPhone.Deploy.0 = Release|Any CPU
		{18E006DF-EA94-4322-AD3B-452D59F31688}.Release|iPhoneSimulator.ActiveCfg = Release|Any CPU
		{18E006DF-EA94-4322-AD3B-452D59F31688}.Release|iPhoneSimulator.Build.0 = Release|Any CPU
		{18E006DF-EA94-4322-AD3B-452D59F31688}.Release|iPhoneSimulator.Deploy.0 = Release|Any CPU
	EndGlobalSection
	GlobalSection(SolutionProperties) = preSolution
		HideSolutionNode = FALSE
	EndGlobalSection
	GlobalSection(ExtensibilityGlobals) = postSolution
		SolutionGuid = {589DD7A8-269A-4226-A64A-B1B1AA343E7E}
	EndGlobalSection
EndGlobal
